dependencies:
- name: common
  repository: https://charts.bitnami.com/bitnami
  version: 2.13.3
- name: reloader
  repository: https://stakater.github.io/stakater-charts
  version: 1.0.51
digest: sha256:a2ce8905ce9fcc75f0e3289758c579f6e1a4a4b1ef5f745f8aae872c46f77b2a
generated: "2023-11-08T12:21:05.03811394Z"
