dependencies:
- name: common
  repository: https://charts.bitnami.com/bitnami
  version: 2.4.0
- name: reloader
  repository: https://stakater.github.io/stakater-charts
  version: 1.0.48
digest: sha256:648154a9e02e020e6da8f7d0bfe9a04c929adce6a37c4819e434b88cbf92624a
generated: "2023-10-25T22:43:52.209265739Z"
